
Microsoft Visual Studio Solution File, Format Version 11.00
# Visual Studio 2010
Project("{F184B08F-C81C-45F6-A57F-5ABD9991F28F}") = "WindowsAppObjects", "WindowsAppObjects\WindowsAppObjects.vbproj", "{8F238B04-1C94-4C71-81CE-8848E187AAD0}"
EndProject
Global
	GlobalSection(SolutionConfigurationPlatforms) = preSolution
		Debug|x86 = Debug|x86
		Release|x86 = Release|x86
	EndGlobalSection
	GlobalSection(ProjectConfigurationPlatforms) = postSolution
		{8F238B04-1C94-4C71-81CE-8848E187AAD0}.Debug|x86.ActiveCfg = Debug|x86
		{8F238B04-1C94-4C71-81CE-8848E187AAD0}.Debug|x86.Build.0 = Debug|x86
		{8F238B04-1C94-4C71-81CE-8848E187AAD0}.Release|x86.ActiveCfg = Release|x86
		{8F238B04-1C94-4C71-81CE-8848E187AAD0}.Release|x86.Build.0 = Release|x86
	EndGlobalSection
	GlobalSection(SolutionProperties) = preSolution
		HideSolutionNode = FALSE
	EndGlobalSection
EndGlobal
