
Microsoft Visual Studio Solution File, Format Version 11.00
# Visual Studio 2010
Project("{FAE04EC0-301F-11D3-BF4B-00C04F79EFBC}") = "ConsoleAppOopsOptr", "ConsoleAppOopsOptr\ConsoleAppOopsOptr.csproj", "{1CB93F0E-5EBA-4AC6-8B2A-50A8C434A6AD}"
EndProject
Global
	GlobalSection(SolutionConfigurationPlatforms) = preSolution
		Debug|x86 = Debug|x86
		Release|x86 = Release|x86
	EndGlobalSection
	GlobalSection(ProjectConfigurationPlatforms) = postSolution
		{1CB93F0E-5EBA-4AC6-8B2A-50A8C434A6AD}.Debug|x86.ActiveCfg = Debug|x86
		{1CB93F0E-5EBA-4AC6-8B2A-50A8C434A6AD}.Debug|x86.Build.0 = Debug|x86
		{1CB93F0E-5EBA-4AC6-8B2A-50A8C434A6AD}.Release|x86.ActiveCfg = Release|x86
		{1CB93F0E-5EBA-4AC6-8B2A-50A8C434A6AD}.Release|x86.Build.0 = Release|x86
	EndGlobalSection
	GlobalSection(SolutionProperties) = preSolution
		HideSolutionNode = FALSE
	EndGlobalSection
EndGlobal
