
Microsoft Visual Studio Solution File, Format Version 11.00
# Visual Studio 2010
Project("{FAE04EC0-301F-11D3-BF4B-00C04F79EFBC}") = "ConsoleAppUserDefinedExcep", "ConsoleAppUserDefinedExcep\ConsoleAppUserDefinedExcep.csproj", "{C513CA93-9472-4B9A-89BE-5BC43FCB94D6}"
EndProject
Global
	GlobalSection(SolutionConfigurationPlatforms) = preSolution
		Debug|x86 = Debug|x86
		Release|x86 = Release|x86
	EndGlobalSection
	GlobalSection(ProjectConfigurationPlatforms) = postSolution
		{C513CA93-9472-4B9A-89BE-5BC43FCB94D6}.Debug|x86.ActiveCfg = Debug|x86
		{C513CA93-9472-4B9A-89BE-5BC43FCB94D6}.Debug|x86.Build.0 = Debug|x86
		{C513CA93-9472-4B9A-89BE-5BC43FCB94D6}.Release|x86.ActiveCfg = Release|x86
		{C513CA93-9472-4B9A-89BE-5BC43FCB94D6}.Release|x86.Build.0 = Release|x86
	EndGlobalSection
	GlobalSection(SolutionProperties) = preSolution
		HideSolutionNode = FALSE
	EndGlobalSection
EndGlobal
